
Microsoft Visual Studio Solution File, Format Version 12.00
# Visual Studio Version 17
VisualStudioVersion = 17.11.35327.3
MinimumVisualStudioVersion = 10.0.40219.1
Project("{FAE04EC0-301F-11D3-BF4B-00C04F79EFBC}") = "AccManagementJopia", "AccManagementJopia.csproj", "{CBB79B43-76EE-468B-A886-515E2B4E94C4}"
EndProject
Global
	GlobalSection(SolutionConfigurationPlatforms) = preSolution
		Debug|Any CPU = Debug|Any CPU
		Release|Any CPU = Release|Any CPU
	EndGlobalSection
	GlobalSection(ProjectConfigurationPlatforms) = postSolution
		{CBB79B43-76EE-468B-A886-515E2B4E94C4}.Debug|Any CPU.ActiveCfg = Debug|Any CPU
		{CBB79B43-76EE-468B-A886-515E2B4E94C4}.Debug|Any CPU.Build.0 = Debug|Any CPU
		{CBB79B43-76EE-468B-A886-515E2B4E94C4}.Release|Any CPU.ActiveCfg = Release|Any CPU
		{CBB79B43-76EE-468B-A886-515E2B4E94C4}.Release|Any CPU.Build.0 = Release|Any CPU
	EndGlobalSection
	GlobalSection(SolutionProperties) = preSolution
		HideSolutionNode = FALSE
	EndGlobalSection
	GlobalSection(ExtensibilityGlobals) = postSolution
		SolutionGuid = {2230FA6F-6D01-4F1E-A1C4-15111B0F12A2}
	EndGlobalSection
EndGlobal
